// !$*UTF8*$!
{
	archiveVersion = 1;
	classes = {
	};
	objectVersion = 56;
	objects = {

/* Begin PBXBuildFile section */
		CC2FF5FB29D8C8F500AD0BC6 /* Optional.swift in Sources */ = {isa = PBXBuildFile; fileRef = CC2FF5FA29D8C8F500AD0BC6 /* Optional.swift */; };
		CC4CDDE329E47B8300C5E9C6 /* MarkdownKit in Frameworks */ = {isa = PBXBuildFile; productRef = CC4CDDE229E47B8300C5E9C6 /* MarkdownKit */; };
		CCB5F0F629C1455B00587140 /* CLFormat.docc in Sources */ = {isa = PBXBuildFile; fileRef = CCB5F0F529C1455B00587140 /* CLFormat.docc */; };
		CCB5F0FC29C1455B00587140 /* CLFormat.framework in Frameworks */ = {isa = PBXBuildFile; fileRef = CCB5F0F229C1455B00587140 /* CLFormat.framework */; };
		CCB5F10129C1455B00587140 /* CLFormatTests.swift in Sources */ = {isa = PBXBuildFile; fileRef = CCB5F10029C1455B00587140 /* CLFormatTests.swift */; };
		CCB5F10229C1455B00587140 /* CLFormat.h in Headers */ = {isa = PBXBuildFile; fileRef = CCB5F0F429C1455B00587140 /* CLFormat.h */; settings = {ATTRIBUTES = (Public, ); }; };
		CCB5F10929C1475F00587140 /* NumberFormat.swift in Sources */ = {isa = PBXBuildFile; fileRef = CCB5F0D429C114F600587140 /* NumberFormat.swift */; };
		CCB5F10A29C1475F00587140 /* Modifiers.swift in Sources */ = {isa = PBXBuildFile; fileRef = CCB5F0DA29C1156400587140 /* Modifiers.swift */; };
		CCB5F10B29C1475F00587140 /* CLFormat.swift in Sources */ = {isa = PBXBuildFile; fileRef = CCB5F0E429C1160700587140 /* CLFormat.swift */; };
		CCB5F10C29C1475F00587140 /* Parameters.swift in Sources */ = {isa = PBXBuildFile; fileRef = CCB5F0D829C1154900587140 /* Parameters.swift */; };
		CCB5F10D29C1475F00587140 /* Directive.swift in Sources */ = {isa = PBXBuildFile; fileRef = CCB5F0D629C1152600587140 /* Directive.swift */; };
		CCB5F10E29C1475F00587140 /* CLControl.swift in Sources */ = {isa = PBXBuildFile; fileRef = CCB5F0DE29C115A500587140 /* CLControl.swift */; };
		CCB5F10F29C1475F00587140 /* CLControlParser.swift in Sources */ = {isa = PBXBuildFile; fileRef = CCB5F0E029C115C400587140 /* CLControlParser.swift */; };
		CCB5F11029C1475F00587140 /* StandardDirectiveSpecifier.swift in Sources */ = {isa = PBXBuildFile; fileRef = CCB5F0E229C115E600587140 /* StandardDirectiveSpecifier.swift */; };
		CCB5F11229C1475F00587140 /* Number.swift in Sources */ = {isa = PBXBuildFile; fileRef = CCB5F0D229C114D300587140 /* Number.swift */; };
		CCB5F11329C1475F00587140 /* Currency.swift in Sources */ = {isa = PBXBuildFile; fileRef = CCB5F0D029C1148900587140 /* Currency.swift */; };
		CCB5F11429C1475F00587140 /* Arguments.swift in Sources */ = {isa = PBXBuildFile; fileRef = CCB5F0DC29C1157C00587140 /* Arguments.swift */; };
		CCB5F11C29C148A400587140 /* main.swift in Sources */ = {isa = PBXBuildFile; fileRef = CCB5F11B29C148A400587140 /* main.swift */; };
		CCB5F12329C7974B00587140 /* CLFormatConfig.swift in Sources */ = {isa = PBXBuildFile; fileRef = CCB5F12229C7974B00587140 /* CLFormatConfig.swift */; };
/* End PBXBuildFile section */

/* Begin PBXContainerItemProxy section */
		CCB5F0FD29C1455B00587140 /* PBXContainerItemProxy */ = {
			isa = PBXContainerItemProxy;
			containerPortal = CC063B8229C113190000C520 /* Project object */;
			proxyType = 1;
			remoteGlobalIDString = CCB5F0F129C1455B00587140;
			remoteInfo = CLFormat;
		};
		CCB5F12029C149B600587140 /* PBXContainerItemProxy */ = {
			isa = PBXContainerItemProxy;
			containerPortal = CC063B8229C113190000C520 /* Project object */;
			proxyType = 1;
			remoteGlobalIDString = CCB5F0F129C1455B00587140;
			remoteInfo = CLFormat;
		};
/* End PBXContainerItemProxy section */

/* Begin PBXCopyFilesBuildPhase section */
		CCB5F11729C148A400587140 /* CopyFiles */ = {
			isa = PBXCopyFilesBuildPhase;
			buildActionMask = 2147483647;
			dstPath = /usr/share/man/man1/;
			dstSubfolderSpec = 0;
			files = (
			);
			runOnlyForDeploymentPostprocessing = 1;
		};
/* End PBXCopyFilesBuildPhase section */

/* Begin PBXFileReference section */
		CC2FF5FA29D8C8F500AD0BC6 /* Optional.swift */ = {isa = PBXFileReference; lastKnownFileType = sourcecode.swift; path = Optional.swift; sourceTree = "<group>"; };
		CC7D4AF129E9E5980066BA94 /* DIRECTIVES.md */ = {isa = PBXFileReference; lastKnownFileType = net.daringfireball.markdown; path = DIRECTIVES.md; sourceTree = "<group>"; };
		CCB5F0D029C1148900587140 /* Currency.swift */ = {isa = PBXFileReference; lastKnownFileType = sourcecode.swift; path = Currency.swift; sourceTree = "<group>"; };
		CCB5F0D229C114D300587140 /* Number.swift */ = {isa = PBXFileReference; lastKnownFileType = sourcecode.swift; path = Number.swift; sourceTree = "<group>"; };
		CCB5F0D429C114F600587140 /* NumberFormat.swift */ = {isa = PBXFileReference; lastKnownFileType = sourcecode.swift; path = NumberFormat.swift; sourceTree = "<group>"; };
		CCB5F0D629C1152600587140 /* Directive.swift */ = {isa = PBXFileReference; lastKnownFileType = sourcecode.swift; path = Directive.swift; sourceTree = "<group>"; };
		CCB5F0D829C1154900587140 /* Parameters.swift */ = {isa = PBXFileReference; lastKnownFileType = sourcecode.swift; path = Parameters.swift; sourceTree = "<group>"; };
		CCB5F0DA29C1156400587140 /* Modifiers.swift */ = {isa = PBXFileReference; lastKnownFileType = sourcecode.swift; path = Modifiers.swift; sourceTree = "<group>"; };
		CCB5F0DC29C1157C00587140 /* Arguments.swift */ = {isa = PBXFileReference; lastKnownFileType = sourcecode.swift; path = Arguments.swift; sourceTree = "<group>"; };
		CCB5F0DE29C115A500587140 /* CLControl.swift */ = {isa = PBXFileReference; lastKnownFileType = sourcecode.swift; path = CLControl.swift; sourceTree = "<group>"; };
		CCB5F0E029C115C400587140 /* CLControlParser.swift */ = {isa = PBXFileReference; lastKnownFileType = sourcecode.swift; path = CLControlParser.swift; sourceTree = "<group>"; };
		CCB5F0E229C115E600587140 /* StandardDirectiveSpecifier.swift */ = {isa = PBXFileReference; lastKnownFileType = sourcecode.swift; path = StandardDirectiveSpecifier.swift; sourceTree = "<group>"; };
		CCB5F0E429C1160700587140 /* CLFormat.swift */ = {isa = PBXFileReference; lastKnownFileType = sourcecode.swift; path = CLFormat.swift; sourceTree = "<group>"; };
		CCB5F0E629C13E1500587140 /* Package.swift */ = {isa = PBXFileReference; fileEncoding = 4; lastKnownFileType = sourcecode.swift; path = Package.swift; sourceTree = "<group>"; };
		CCB5F0E829C13E3D00587140 /* README.md */ = {isa = PBXFileReference; lastKnownFileType = net.daringfireball.markdown; path = README.md; sourceTree = "<group>"; };
		CCB5F0E929C13E5A00587140 /* LICENSE */ = {isa = PBXFileReference; lastKnownFileType = text; path = LICENSE; sourceTree = "<group>"; };
		CCB5F0EA29C13ED200587140 /* CHANGELOG.md */ = {isa = PBXFileReference; lastKnownFileType = net.daringfireball.markdown; path = CHANGELOG.md; sourceTree = "<group>"; };
		CCB5F0F229C1455B00587140 /* CLFormat.framework */ = {isa = PBXFileReference; explicitFileType = wrapper.framework; includeInIndex = 0; path = CLFormat.framework; sourceTree = BUILT_PRODUCTS_DIR; };
		CCB5F0F429C1455B00587140 /* CLFormat.h */ = {isa = PBXFileReference; lastKnownFileType = sourcecode.c.h; path = CLFormat.h; sourceTree = "<group>"; };
		CCB5F0F529C1455B00587140 /* CLFormat.docc */ = {isa = PBXFileReference; lastKnownFileType = folder.documentationcatalog; path = CLFormat.docc; sourceTree = "<group>"; };
		CCB5F0FB29C1455B00587140 /* CLFormatTests.xctest */ = {isa = PBXFileReference; explicitFileType = wrapper.cfbundle; includeInIndex = 0; path = CLFormatTests.xctest; sourceTree = BUILT_PRODUCTS_DIR; };
		CCB5F10029C1455B00587140 /* CLFormatTests.swift */ = {isa = PBXFileReference; lastKnownFileType = sourcecode.swift; path = CLFormatTests.swift; sourceTree = "<group>"; };
		CCB5F11929C148A400587140 /* CLFormatTool */ = {isa = PBXFileReference; explicitFileType = "compiled.mach-o.executable"; includeInIndex = 0; path = CLFormatTool; sourceTree = BUILT_PRODUCTS_DIR; };
		CCB5F11B29C148A400587140 /* main.swift */ = {isa = PBXFileReference; lastKnownFileType = sourcecode.swift; path = main.swift; sourceTree = "<group>"; };
		CCB5F12229C7974B00587140 /* CLFormatConfig.swift */ = {isa = PBXFileReference; lastKnownFileType = sourcecode.swift; path = CLFormatConfig.swift; sourceTree = "<group>"; };
/* End PBXFileReference section */

/* Begin PBXFrameworksBuildPhase section */
		CCB5F0EF29C1455B00587140 /* Frameworks */ = {
			isa = PBXFrameworksBuildPhase;
			buildActionMask = 2147483647;
			files = (
				CC4CDDE329E47B8300C5E9C6 /* MarkdownKit in Frameworks */,
			);
			runOnlyForDeploymentPostprocessing = 0;
		};
		CCB5F0F829C1455B00587140 /* Frameworks */ = {
			isa = PBXFrameworksBuildPhase;
			buildActionMask = 2147483647;
			files = (
				CCB5F0FC29C1455B00587140 /* CLFormat.framework in Frameworks */,
			);
			runOnlyForDeploymentPostprocessing = 0;
		};
		CCB5F11629C148A400587140 /* Frameworks */ = {
			isa = PBXFrameworksBuildPhase;
			buildActionMask = 2147483647;
			files = (
			);
			runOnlyForDeploymentPostprocessing = 0;
		};
/* End PBXFrameworksBuildPhase section */

/* Begin PBXGroup section */
		CC063B8129C113190000C520 = {
			isa = PBXGroup;
			children = (
				CCB5F0E829C13E3D00587140 /* README.md */,
				CC7D4AF129E9E5980066BA94 /* DIRECTIVES.md */,
				CCB5F0EA29C13ED200587140 /* CHANGELOG.md */,
				CCB5F0E929C13E5A00587140 /* LICENSE */,
				CCB5F0E629C13E1500587140 /* Package.swift */,
				CCB5F0F329C1455B00587140 /* CLFormat */,
				CCB5F0FF29C1455B00587140 /* CLFormatTests */,
				CCB5F11A29C148A400587140 /* CLFormatTool */,
				CC063B8B29C113190000C520 /* Products */,
			);
			sourceTree = "<group>";
		};
		CC063B8B29C113190000C520 /* Products */ = {
			isa = PBXGroup;
			children = (
				CCB5F0F229C1455B00587140 /* CLFormat.framework */,
				CCB5F0FB29C1455B00587140 /* CLFormatTests.xctest */,
				CCB5F11929C148A400587140 /* CLFormatTool */,
			);
			name = Products;
			sourceTree = "<group>";
		};
		CCB5F0F329C1455B00587140 /* CLFormat */ = {
			isa = PBXGroup;
			children = (
				CC2FF5FA29D8C8F500AD0BC6 /* Optional.swift */,
				CCB5F0D029C1148900587140 /* Currency.swift */,
				CCB5F0D229C114D300587140 /* Number.swift */,
				CCB5F0D429C114F600587140 /* NumberFormat.swift */,
				CCB5F0D629C1152600587140 /* Directive.swift */,
				CCB5F0D829C1154900587140 /* Parameters.swift */,
				CCB5F0DA29C1156400587140 /* Modifiers.swift */,
				CCB5F0DC29C1157C00587140 /* Arguments.swift */,
				CCB5F0DE29C115A500587140 /* CLControl.swift */,
				CCB5F0E029C115C400587140 /* CLControlParser.swift */,
				CCB5F12229C7974B00587140 /* CLFormatConfig.swift */,
				CCB5F0E229C115E600587140 /* StandardDirectiveSpecifier.swift */,
				CCB5F0E429C1160700587140 /* CLFormat.swift */,
				CCB5F0F429C1455B00587140 /* CLFormat.h */,
				CCB5F0F529C1455B00587140 /* CLFormat.docc */,
			);
			name = CLFormat;
			path = Sources/CLFormat;
			sourceTree = "<group>";
		};
		CCB5F0FF29C1455B00587140 /* CLFormatTests */ = {
			isa = PBXGroup;
			children = (
				CCB5F10029C1455B00587140 /* CLFormatTests.swift */,
			);
			name = CLFormatTests;
			path = Tests/CLFormatTests;
			sourceTree = "<group>";
		};
		CCB5F11A29C148A400587140 /* CLFormatTool */ = {
			isa = PBXGroup;
			children = (
				CCB5F11B29C148A400587140 /* main.swift */,
			);
			name = CLFormatTool;
			path = Sources/CLFormatTool;
			sourceTree = "<group>";
		};
/* End PBXGroup section */

/* Begin PBXHeadersBuildPhase section */
		CCB5F0ED29C1455B00587140 /* Headers */ = {
			isa = PBXHeadersBuildPhase;
			buildActionMask = 2147483647;
			files = (
				CCB5F10229C1455B00587140 /* CLFormat.h in Headers */,
			);
			runOnlyForDeploymentPostprocessing = 0;
		};
/* End PBXHeadersBuildPhase section */

/* Begin PBXNativeTarget section */
		CCB5F0F129C1455B00587140 /* CLFormat */ = {
			isa = PBXNativeTarget;
			buildConfigurationList = CCB5F10329C1455B00587140 /* Build configuration list for PBXNativeTarget "CLFormat" */;
			buildPhases = (
				CCB5F0ED29C1455B00587140 /* Headers */,
				CCB5F0EE29C1455B00587140 /* Sources */,
				CCB5F0EF29C1455B00587140 /* Frameworks */,
				CCB5F0F029C1455B00587140 /* Resources */,
			);
			buildRules = (
			);
			dependencies = (
			);
			name = CLFormat;
			packageProductDependencies = (
				CC4CDDE229E47B8300C5E9C6 /* MarkdownKit */,
			);
			productName = CLFormat;
			productReference = CCB5F0F229C1455B00587140 /* CLFormat.framework */;
			productType = "com.apple.product-type.framework";
		};
		CCB5F0FA29C1455B00587140 /* CLFormatTests */ = {
			isa = PBXNativeTarget;
			buildConfigurationList = CCB5F10629C1455B00587140 /* Build configuration list for PBXNativeTarget "CLFormatTests" */;
			buildPhases = (
				CCB5F0F729C1455B00587140 /* Sources */,
				CCB5F0F829C1455B00587140 /* Frameworks */,
				CCB5F0F929C1455B00587140 /* Resources */,
			);
			buildRules = (
			);
			dependencies = (
				CCB5F0FE29C1455B00587140 /* PBXTargetDependency */,
			);
			name = CLFormatTests;
			productName = CLFormatTests;
			productReference = CCB5F0FB29C1455B00587140 /* CLFormatTests.xctest */;
			productType = "com.apple.product-type.bundle.unit-test";
		};
		CCB5F11829C148A400587140 /* CLFormatTool */ = {
			isa = PBXNativeTarget;
			buildConfigurationList = CCB5F11D29C148A400587140 /* Build configuration list for PBXNativeTarget "CLFormatTool" */;
			buildPhases = (
				CCB5F11529C148A400587140 /* Sources */,
				CCB5F11629C148A400587140 /* Frameworks */,
				CCB5F11729C148A400587140 /* CopyFiles */,
			);
			buildRules = (
			);
			dependencies = (
				CCB5F12129C149B600587140 /* PBXTargetDependency */,
			);
			name = CLFormatTool;
			productName = CLFormatTool;
			productReference = CCB5F11929C148A400587140 /* CLFormatTool */;
			productType = "com.apple.product-type.tool";
		};
/* End PBXNativeTarget section */

/* Begin PBXProject section */
		CC063B8229C113190000C520 /* Project object */ = {
			isa = PBXProject;
			attributes = {
				BuildIndependentTargetsInParallel = 1;
				LastSwiftUpdateCheck = 1420;
				LastUpgradeCheck = 1420;
				TargetAttributes = {
					CCB5F0F129C1455B00587140 = {
						CreatedOnToolsVersion = 14.2;
					};
					CCB5F0FA29C1455B00587140 = {
						CreatedOnToolsVersion = 14.2;
					};
					CCB5F11829C148A400587140 = {
						CreatedOnToolsVersion = 14.2;
					};
				};
			};
			buildConfigurationList = CC063B8529C113190000C520 /* Build configuration list for PBXProject "CLFormat" */;
			compatibilityVersion = "Xcode 14.0";
			developmentRegion = en;
			hasScannedForEncodings = 0;
			knownRegions = (
				en,
				Base,
			);
			mainGroup = CC063B8129C113190000C520;
			packageReferences = (
				CC4CDDE129E47B8300C5E9C6 /* XCRemoteSwiftPackageReference "swift-markdownkit" */,
			);
			productRefGroup = CC063B8B29C113190000C520 /* Products */;
			projectDirPath = "";
			projectRoot = "";
			targets = (
				CCB5F0F129C1455B00587140 /* CLFormat */,
				CCB5F0FA29C1455B00587140 /* CLFormatTests */,
				CCB5F11829C148A400587140 /* CLFormatTool */,
			);
		};
/* End PBXProject section */

/* Begin PBXResourcesBuildPhase section */
		CCB5F0F029C1455B00587140 /* Resources */ = {
			isa = PBXResourcesBuildPhase;
			buildActionMask = 2147483647;
			files = (
			);
			runOnlyForDeploymentPostprocessing = 0;
		};
		CCB5F0F929C1455B00587140 /* Resources */ = {
			isa = PBXResourcesBuildPhase;
			buildActionMask = 2147483647;
			files = (
			);
			runOnlyForDeploymentPostprocessing = 0;
		};
/* End PBXResourcesBuildPhase section */

/* Begin PBXSourcesBuildPhase section */
		CCB5F0EE29C1455B00587140 /* Sources */ = {
			isa = PBXSourcesBuildPhase;
			buildActionMask = 2147483647;
			files = (
				CCB5F11329C1475F00587140 /* Currency.swift in Sources */,
				CCB5F11429C1475F00587140 /* Arguments.swift in Sources */,
				CCB5F12329C7974B00587140 /* CLFormatConfig.swift in Sources */,
				CC2FF5FB29D8C8F500AD0BC6 /* Optional.swift in Sources */,
				CCB5F10C29C1475F00587140 /* Parameters.swift in Sources */,
				CCB5F11029C1475F00587140 /* StandardDirectiveSpecifier.swift in Sources */,
				CCB5F0F629C1455B00587140 /* CLFormat.docc in Sources */,
				CCB5F10E29C1475F00587140 /* CLControl.swift in Sources */,
				CCB5F10B29C1475F00587140 /* CLFormat.swift in Sources */,
				CCB5F11229C1475F00587140 /* Number.swift in Sources */,
				CCB5F10F29C1475F00587140 /* CLControlParser.swift in Sources */,
				CCB5F10A29C1475F00587140 /* Modifiers.swift in Sources */,
				CCB5F10929C1475F00587140 /* NumberFormat.swift in Sources */,
				CCB5F10D29C1475F00587140 /* Directive.swift in Sources */,
			);
			runOnlyForDeploymentPostprocessing = 0;
		};
		CCB5F0F729C1455B00587140 /* Sources */ = {
			isa = PBXSourcesBuildPhase;
			buildActionMask = 2147483647;
			files = (
				CCB5F10129C1455B00587140 /* CLFormatTests.swift in Sources */,
			);
			runOnlyForDeploymentPostprocessing = 0;
		};
		CCB5F11529C148A400587140 /* Sources */ = {
			isa = PBXSourcesBuildPhase;
			buildActionMask = 2147483647;
			files = (
				CCB5F11C29C148A400587140 /* main.swift in Sources */,
			);
			runOnlyForDeploymentPostprocessing = 0;
		};
/* End PBXSourcesBuildPhase section */

/* Begin PBXTargetDependency section */
		CCB5F0FE29C1455B00587140 /* PBXTargetDependency */ = {
			isa = PBXTargetDependency;
			target = CCB5F0F129C1455B00587140 /* CLFormat */;
			targetProxy = CCB5F0FD29C1455B00587140 /* PBXContainerItemProxy */;
		};
		CCB5F12129C149B600587140 /* PBXTargetDependency */ = {
			isa = PBXTargetDependency;
			target = CCB5F0F129C1455B00587140 /* CLFormat */;
			targetProxy = CCB5F12029C149B600587140 /* PBXContainerItemProxy */;
		};
/* End PBXTargetDependency section */

/* Begin XCBuildConfiguration section */
		CC063B8F29C113190000C520 /* Debug */ = {
			isa = XCBuildConfiguration;
			buildSettings = {
				ALWAYS_SEARCH_USER_PATHS = NO;
				CLANG_ANALYZER_NONNULL = YES;
				CLANG_ANALYZER_NUMBER_OBJECT_CONVERSION = YES_AGGRESSIVE;
				CLANG_CXX_LANGUAGE_STANDARD = "gnu++20";
				CLANG_ENABLE_MODULES = YES;
				CLANG_ENABLE_OBJC_ARC = YES;
				CLANG_ENABLE_OBJC_WEAK = YES;
				CLANG_WARN_BLOCK_CAPTURE_AUTORELEASING = YES;
				CLANG_WARN_BOOL_CONVERSION = YES;
				CLANG_WARN_COMMA = YES;
				CLANG_WARN_CONSTANT_CONVERSION = YES;
				CLANG_WARN_DEPRECATED_OBJC_IMPLEMENTATIONS = YES;
				CLANG_WARN_DIRECT_OBJC_ISA_USAGE = YES_ERROR;
				CLANG_WARN_DOCUMENTATION_COMMENTS = YES;
				CLANG_WARN_EMPTY_BODY = YES;
				CLANG_WARN_ENUM_CONVERSION = YES;
				CLANG_WARN_INFINITE_RECURSION = YES;
				CLANG_WARN_INT_CONVERSION = YES;
				CLANG_WARN_NON_LITERAL_NULL_CONVERSION = YES;
				CLANG_WARN_OBJC_IMPLICIT_RETAIN_SELF = YES;
				CLANG_WARN_OBJC_LITERAL_CONVERSION = YES;
				CLANG_WARN_OBJC_ROOT_CLASS = YES_ERROR;
				CLANG_WARN_QUOTED_INCLUDE_IN_FRAMEWORK_HEADER = YES;
				CLANG_WARN_RANGE_LOOP_ANALYSIS = YES;
				CLANG_WARN_STRICT_PROTOTYPES = YES;
				CLANG_WARN_SUSPICIOUS_MOVE = YES;
				CLANG_WARN_UNGUARDED_AVAILABILITY = YES_AGGRESSIVE;
				CLANG_WARN_UNREACHABLE_CODE = YES;
				CLANG_WARN__DUPLICATE_METHOD_MATCH = YES;
				COPY_PHASE_STRIP = NO;
				DEBUG_INFORMATION_FORMAT = dwarf;
				ENABLE_STRICT_OBJC_MSGSEND = YES;
				ENABLE_TESTABILITY = YES;
				GCC_C_LANGUAGE_STANDARD = gnu11;
				GCC_DYNAMIC_NO_PIC = NO;
				GCC_NO_COMMON_BLOCKS = YES;
				GCC_OPTIMIZATION_LEVEL = 0;
				GCC_PREPROCESSOR_DEFINITIONS = (
					"DEBUG=1",
					"$(inherited)",
				);
				GCC_WARN_64_TO_32_BIT_CONVERSION = YES;
				GCC_WARN_ABOUT_RETURN_TYPE = YES_ERROR;
				GCC_WARN_UNDECLARED_SELECTOR = YES;
				GCC_WARN_UNINITIALIZED_AUTOS = YES_AGGRESSIVE;
				GCC_WARN_UNUSED_FUNCTION = YES;
				GCC_WARN_UNUSED_VARIABLE = YES;
				MACOSX_DEPLOYMENT_TARGET = 12.6;
				MTL_ENABLE_DEBUG_INFO = INCLUDE_SOURCE;
				MTL_FAST_MATH = YES;
				ONLY_ACTIVE_ARCH = YES;
				SDKROOT = macosx;
				SWIFT_ACTIVE_COMPILATION_CONDITIONS = DEBUG;
				SWIFT_OPTIMIZATION_LEVEL = "-Onone";
			};
			name = Debug;
		};
		CC063B9029C113190000C520 /* Release */ = {
			isa = XCBuildConfiguration;
			buildSettings = {
				ALWAYS_SEARCH_USER_PATHS = NO;
				CLANG_ANALYZER_NONNULL = YES;
				CLANG_ANALYZER_NUMBER_OBJECT_CONVERSION = YES_AGGRESSIVE;
				CLANG_CXX_LANGUAGE_STANDARD = "gnu++20";
				CLANG_ENABLE_MODULES = YES;
				CLANG_ENABLE_OBJC_ARC = YES;
				CLANG_ENABLE_OBJC_WEAK = YES;
				CLANG_WARN_BLOCK_CAPTURE_AUTORELEASING = YES;
				CLANG_WARN_BOOL_CONVERSION = YES;
				CLANG_WARN_COMMA = YES;
				CLANG_WARN_CONSTANT_CONVERSION = YES;
				CLANG_WARN_DEPRECATED_OBJC_IMPLEMENTATIONS = YES;
				CLANG_WARN_DIRECT_OBJC_ISA_USAGE = YES_ERROR;
				CLANG_WARN_DOCUMENTATION_COMMENTS = YES;
				CLANG_WARN_EMPTY_BODY = YES;
				CLANG_WARN_ENUM_CONVERSION = YES;
				CLANG_WARN_INFINITE_RECURSION = YES;
				CLANG_WARN_INT_CONVERSION = YES;
				CLANG_WARN_NON_LITERAL_NULL_CONVERSION = YES;
				CLANG_WARN_OBJC_IMPLICIT_RETAIN_SELF = YES;
				CLANG_WARN_OBJC_LITERAL_CONVERSION = YES;
				CLANG_WARN_OBJC_ROOT_CLASS = YES_ERROR;
				CLANG_WARN_QUOTED_INCLUDE_IN_FRAMEWORK_HEADER = YES;
				CLANG_WARN_RANGE_LOOP_ANALYSIS = YES;
				CLANG_WARN_STRICT_PROTOTYPES = YES;
				CLANG_WARN_SUSPICIOUS_MOVE = YES;
				CLANG_WARN_UNGUARDED_AVAILABILITY = YES_AGGRESSIVE;
				CLANG_WARN_UNREACHABLE_CODE = YES;
				CLANG_WARN__DUPLICATE_METHOD_MATCH = YES;
				COPY_PHASE_STRIP = NO;
				DEBUG_INFORMATION_FORMAT = "dwarf-with-dsym";
				ENABLE_NS_ASSERTIONS = NO;
				ENABLE_STRICT_OBJC_MSGSEND = YES;
				GCC_C_LANGUAGE_STANDARD = gnu11;
				GCC_NO_COMMON_BLOCKS = YES;
				GCC_WARN_64_TO_32_BIT_CONVERSION = YES;
				GCC_WARN_ABOUT_RETURN_TYPE = YES_ERROR;
				GCC_WARN_UNDECLARED_SELECTOR = YES;
				GCC_WARN_UNINITIALIZED_AUTOS = YES_AGGRESSIVE;
				GCC_WARN_UNUSED_FUNCTION = YES;
				GCC_WARN_UNUSED_VARIABLE = YES;
				MACOSX_DEPLOYMENT_TARGET = 12.6;
				MTL_ENABLE_DEBUG_INFO = NO;
				MTL_FAST_MATH = YES;
				SDKROOT = macosx;
				SWIFT_COMPILATION_MODE = wholemodule;
				SWIFT_OPTIMIZATION_LEVEL = "-O";
			};
			name = Release;
		};
		CCB5F10429C1455B00587140 /* Debug */ = {
			isa = XCBuildConfiguration;
			buildSettings = {
				CODE_SIGN_STYLE = Automatic;
				CURRENT_PROJECT_VERSION = 1;
				DEFINES_MODULE = YES;
				DEVELOPMENT_TEAM = C72Z63N8M5;
				DYLIB_COMPATIBILITY_VERSION = 1;
				DYLIB_CURRENT_VERSION = 1;
				DYLIB_INSTALL_NAME_BASE = "@rpath";
				GENERATE_INFOPLIST_FILE = YES;
				INFOPLIST_KEY_NSHumanReadableCopyright = "";
				INSTALL_PATH = "$(LOCAL_LIBRARY_DIR)/Frameworks";
				IPHONEOS_DEPLOYMENT_TARGET = 16.2;
				LD_RUNPATH_SEARCH_PATHS = (
					"@executable_path/Frameworks",
					"@loader_path/Frameworks",
				);
				"LD_RUNPATH_SEARCH_PATHS[sdk=macosx*]" = (
					"@executable_path/../Frameworks",
					"@loader_path/Frameworks",
				);
				MACOSX_DEPLOYMENT_TARGET = 12.6;
				MARKETING_VERSION = 1.0;
				PRODUCT_BUNDLE_IDENTIFIER = net.objecthub.CLFormat;
				PRODUCT_NAME = "$(TARGET_NAME:c99extidentifier)";
				SDKROOT = auto;
				SKIP_INSTALL = YES;
				SUPPORTED_PLATFORMS = "iphoneos iphonesimulator macosx";
				SWIFT_EMIT_LOC_STRINGS = YES;
				SWIFT_VERSION = 5.0;
				TARGETED_DEVICE_FAMILY = "1,2";
				VERSIONING_SYSTEM = "apple-generic";
				VERSION_INFO_PREFIX = "";
			};
			name = Debug;
		};
		CCB5F10529C1455B00587140 /* Release */ = {
			isa = XCBuildConfiguration;
			buildSettings = {
				CODE_SIGN_STYLE = Automatic;
				CURRENT_PROJECT_VERSION = 1;
				DEFINES_MODULE = YES;
				DEVELOPMENT_TEAM = C72Z63N8M5;
				DYLIB_COMPATIBILITY_VERSION = 1;
				DYLIB_CURRENT_VERSION = 1;
				DYLIB_INSTALL_NAME_BASE = "@rpath";
				GENERATE_INFOPLIST_FILE = YES;
				INFOPLIST_KEY_NSHumanReadableCopyright = "";
				INSTALL_PATH = "$(LOCAL_LIBRARY_DIR)/Frameworks";
				IPHONEOS_DEPLOYMENT_TARGET = 16.2;
				LD_RUNPATH_SEARCH_PATHS = (
					"@executable_path/Frameworks",
					"@loader_path/Frameworks",
				);
				"LD_RUNPATH_SEARCH_PATHS[sdk=macosx*]" = (
					"@executable_path/../Frameworks",
					"@loader_path/Frameworks",
				);
				MACOSX_DEPLOYMENT_TARGET = 12.6;
				MARKETING_VERSION = 1.0;
				PRODUCT_BUNDLE_IDENTIFIER = net.objecthub.CLFormat;
				PRODUCT_NAME = "$(TARGET_NAME:c99extidentifier)";
				SDKROOT = auto;
				SKIP_INSTALL = YES;
				SUPPORTED_PLATFORMS = "iphoneos iphonesimulator macosx";
				SWIFT_EMIT_LOC_STRINGS = YES;
				SWIFT_VERSION = 5.0;
				TARGETED_DEVICE_FAMILY = "1,2";
				VERSIONING_SYSTEM = "apple-generic";
				VERSION_INFO_PREFIX = "";
			};
			name = Release;
		};
		CCB5F10729C1455B00587140 /* Debug */ = {
			isa = XCBuildConfiguration;
			buildSettings = {
				ALWAYS_EMBED_SWIFT_STANDARD_LIBRARIES = YES;
				CODE_SIGN_STYLE = Automatic;
				CURRENT_PROJECT_VERSION = 1;
				DEVELOPMENT_TEAM = C72Z63N8M5;
				GENERATE_INFOPLIST_FILE = YES;
				IPHONEOS_DEPLOYMENT_TARGET = 16.2;
				MACOSX_DEPLOYMENT_TARGET = 12.6;
				MARKETING_VERSION = 1.0;
				PRODUCT_BUNDLE_IDENTIFIER = net.objecthub.CLFormatTests;
				PRODUCT_NAME = "$(TARGET_NAME)";
				SDKROOT = auto;
				SUPPORTED_PLATFORMS = "iphoneos iphonesimulator macosx";
				SWIFT_EMIT_LOC_STRINGS = NO;
				SWIFT_VERSION = 5.0;
				TARGETED_DEVICE_FAMILY = "1,2";
			};
			name = Debug;
		};
		CCB5F10829C1455B00587140 /* Release */ = {
			isa = XCBuildConfiguration;
			buildSettings = {
				ALWAYS_EMBED_SWIFT_STANDARD_LIBRARIES = YES;
				CODE_SIGN_STYLE = Automatic;
				CURRENT_PROJECT_VERSION = 1;
				DEVELOPMENT_TEAM = C72Z63N8M5;
				GENERATE_INFOPLIST_FILE = YES;
				IPHONEOS_DEPLOYMENT_TARGET = 16.2;
				MACOSX_DEPLOYMENT_TARGET = 12.6;
				MARKETING_VERSION = 1.0;
				PRODUCT_BUNDLE_IDENTIFIER = net.objecthub.CLFormatTests;
				PRODUCT_NAME = "$(TARGET_NAME)";
				SDKROOT = auto;
				SUPPORTED_PLATFORMS = "iphoneos iphonesimulator macosx";
				SWIFT_EMIT_LOC_STRINGS = NO;
				SWIFT_VERSION = 5.0;
				TARGETED_DEVICE_FAMILY = "1,2";
			};
			name = Release;
		};
		CCB5F11E29C148A400587140 /* Debug */ = {
			isa = XCBuildConfiguration;
			buildSettings = {
				CODE_SIGN_STYLE = Automatic;
				DEVELOPMENT_TEAM = C72Z63N8M5;
				ENABLE_HARDENED_RUNTIME = YES;
				PRODUCT_NAME = "$(TARGET_NAME)";
				SWIFT_VERSION = 5.0;
			};
			name = Debug;
		};
		CCB5F11F29C148A400587140 /* Release */ = {
			isa = XCBuildConfiguration;
			buildSettings = {
				CODE_SIGN_STYLE = Automatic;
				DEVELOPMENT_TEAM = C72Z63N8M5;
				ENABLE_HARDENED_RUNTIME = YES;
				PRODUCT_NAME = "$(TARGET_NAME)";
				SWIFT_VERSION = 5.0;
			};
			name = Release;
		};
/* End XCBuildConfiguration section */

/* Begin XCConfigurationList section */
		CC063B8529C113190000C520 /* Build configuration list for PBXProject "CLFormat" */ = {
			isa = XCConfigurationList;
			buildConfigurations = (
				CC063B8F29C113190000C520 /* Debug */,
				CC063B9029C113190000C520 /* Release */,
			);
			defaultConfigurationIsVisible = 0;
			defaultConfigurationName = Release;
		};
		CCB5F10329C1455B00587140 /* Build configuration list for PBXNativeTarget "CLFormat" */ = {
			isa = XCConfigurationList;
			buildConfigurations = (
				CCB5F10429C1455B00587140 /* Debug */,
				CCB5F10529C1455B00587140 /* Release */,
			);
			defaultConfigurationIsVisible = 0;
			defaultConfigurationName = Release;
		};
		CCB5F10629C1455B00587140 /* Build configuration list for PBXNativeTarget "CLFormatTests" */ = {
			isa = XCConfigurationList;
			buildConfigurations = (
				CCB5F10729C1455B00587140 /* Debug */,
				CCB5F10829C1455B00587140 /* Release */,
			);
			defaultConfigurationIsVisible = 0;
			defaultConfigurationName = Release;
		};
		CCB5F11D29C148A400587140 /* Build configuration list for PBXNativeTarget "CLFormatTool" */ = {
			isa = XCConfigurationList;
			buildConfigurations = (
				CCB5F11E29C148A400587140 /* Debug */,
				CCB5F11F29C148A400587140 /* Release */,
			);
			defaultConfigurationIsVisible = 0;
			defaultConfigurationName = Release;
		};
/* End XCConfigurationList section */

/* Begin XCRemoteSwiftPackageReference section */
		CC4CDDE129E47B8300C5E9C6 /* XCRemoteSwiftPackageReference "swift-markdownkit" */ = {
			isa = XCRemoteSwiftPackageReference;
			repositoryURL = "https://github.com/objecthub/swift-markdownkit";
			requirement = {
				kind = upToNextMajorVersion;
				minimumVersion = 1.0.0;
			};
		};
/* End XCRemoteSwiftPackageReference section */

/* Begin XCSwiftPackageProductDependency section */
		CC4CDDE229E47B8300C5E9C6 /* MarkdownKit */ = {
			isa = XCSwiftPackageProductDependency;
			package = CC4CDDE129E47B8300C5E9C6 /* XCRemoteSwiftPackageReference "swift-markdownkit" */;
			productName = MarkdownKit;
		};
/* End XCSwiftPackageProductDependency section */
	};
	rootObject = CC063B8229C113190000C520 /* Project object */;
}
